dependencies:
- name: mongodb
  repository: https://charts.bitnami.com/bitnami
  version: 18.1.10
- name: postgresql
  repository: https://charts.bitnami.com/bitnami
  version: 18.1.13
- name: minio
  repository: https://charts.min.io/
  version: 5.4.0
- name: mlflow
  repository: https://community-charts.github.io/helm-charts
  version: 1.8.0
- name: kafka
  repository: https://charts.bitnami.com/bitnami
  version: 32.4.3
digest: sha256:ed48f0311c916de04dea36d40a8673930ceace43594e3f6583cef18edcbc424f
generated: "2025-12-08T14:45:33.192924+05:30"
