dependencies:
- name: mongodb
  repository: https://charts.bitnami.com/bitnami
  version: 18.1.10
- name: postgresql
  repository: https://charts.bitnami.com/bitnami
  version: 18.1.13
- name: minio
  repository: https://charts.bitnami.com/bitnami
  version: 17.0.21
- name: mlflow
  repository: https://community-charts.github.io/helm-charts
  version: 1.8.0
- name: kafka
  repository: https://charts.bitnami.com/bitnami
  version: 32.4.3
digest: sha256:162688f6979fb43cebd60da8b711f759cf271948f7ed9b0c08c0703793e15c87
generated: "2025-12-08T09:35:19.750204+05:30"
